
Microsoft Visual Studio Solution File, Format Version 12.00
# Visual Studio Version 17
VisualStudioVersion = 17.5.002.0
MinimumVisualStudioVersion = 10.0.40219.1
Project("{2150E333-8FDC-42A3-9474-1A3956D46DE8}") = "csharp-prep", "csharp-prep", "{C11BC944-9D24-484A-AE73-339DD6DCBBD1}"
EndProject
Project("{9A19103F-16F7-4668-BE54-9A1E7A4F7556}") = "Prep1", "csharp-prep\Prep1\Prep1.csproj", "{B7992C75-9853-4E64-9DBF-ABC9FD1AE466}"
EndProject
Project("{9A19103F-16F7-4668-BE54-9A1E7A4F7556}") = "Prep2", "csharp-prep\Prep2\Prep2.csproj", "{1119F0A4-2C51-4FD1-8D93-5C797B4B7E51}"
EndProject
Project("{9A19103F-16F7-4668-BE54-9A1E7A4F7556}") = "Prep3", "csharp-prep\Prep3\Prep3.csproj", "{1FD14669-8ABF-430C-B934-F217CCDAEA06}"
EndProject
Project("{9A19103F-16F7-4668-BE54-9A1E7A4F7556}") = "Prep4", "csharp-prep\Prep4\Prep4.csproj", "{6C3EB14E-E11C-45CC-BDB2-1317E78991B2}"
EndProject
Project("{9A19103F-16F7-4668-BE54-9A1E7A4F7556}") = "Prep5", "csharp-prep\Prep5\Prep5.csproj", "{B15B34B3-7415-4FC9-A51C-6497025E5128}"
EndProject
Project("{2150E333-8FDC-42A3-9474-1A3956D46DE8}") = "final", "final", "{DDD6CBD5-5059-472E-B6D6-B7D9598F8C5E}"
EndProject
Project("{9A19103F-16F7-4668-BE54-9A1E7A4F7556}") = "FinalProject", "final\FinalProject\FinalProject.csproj", "{211C8729-A8A7-44A7-9AEA-6A358006A1F9}"
EndProject
Project("{9A19103F-16F7-4668-BE54-9A1E7A4F7556}") = "Foundation1", "final\Foundation1\Foundation1.csproj", "{623B94EB-FACD-41DB-B162-421B7A3A86A0}"
EndProject
Project("{9A19103F-16F7-4668-BE54-9A1E7A4F7556}") = "Foundation2", "final\Foundation2\Foundation2.csproj", "{25B8AE2A-5275-4E32-B599-BB643CA81407}"
EndProject
Project("{9A19103F-16F7-4668-BE54-9A1E7A4F7556}") = "Foundation3", "final\Foundation3\Foundation3.csproj", "{4FB517D5-4148-4F5E-A3B9-913130079F51}"
EndProject
Project("{9A19103F-16F7-4668-BE54-9A1E7A4F7556}") = "Foundation4", "final\Foundation4\Foundation4.csproj", "{1BB798BE-37CB-49F7-99A0-B722AD4C7639}"
EndProject
Project("{2150E333-8FDC-42A3-9474-1A3956D46DE8}") = "prepare", "prepare", "{31032817-D730-460D-A6F8-BA22777AE124}"
EndProject
Project("{9A19103F-16F7-4668-BE54-9A1E7A4F7556}") = "Learning02", "prepare\Learning02\Learning02.csproj", "{543616F0-5768-4B75-9C47-035DCCE1B573}"
EndProject
Project("{9A19103F-16F7-4668-BE54-9A1E7A4F7556}") = "Learning03", "prepare\Learning03\Learning03.csproj", "{9E7B2207-5D6A-4DCD-8F05-2A7CAB348ECB}"
EndProject
Project("{9A19103F-16F7-4668-BE54-9A1E7A4F7556}") = "Learning04", "prepare\Learning04\Learning04.csproj", "{A8C96539-FE91-4E66-B197-A3EBC2DA64FA}"
EndProject
Project("{9A19103F-16F7-4668-BE54-9A1E7A4F7556}") = "Learning05", "prepare\Learning05\Learning05.csproj", "{B748B4CF-AF4B-4ED9-98AF-359862E0F170}"
EndProject
Project("{2150E333-8FDC-42A3-9474-1A3956D46DE8}") = "prove", "prove", "{5E3FFF87-FA97-4F5D-AED5-C3B246181D93}"
EndProject
Project("{9A19103F-16F7-4668-BE54-9A1E7A4F7556}") = "Develop02", "prove\Develop02\Develop02.csproj", "{9B5E639A-2C1C-45C9-9AAB-65C9DD6795CA}"
EndProject
Project("{9A19103F-16F7-4668-BE54-9A1E7A4F7556}") = "Develop03", "prove\Develop03\Develop03.csproj", "{03EBA8FA-4AD8-413E-A03C-12B00C2C278C}"
EndProject
Project("{9A19103F-16F7-4668-BE54-9A1E7A4F7556}") = "Develop04", "prove\Develop04\Develop04.csproj", "{29901DCE-1AF1-454F-AB4A-2122D2B6F86C}"
EndProject
Project("{9A19103F-16F7-4668-BE54-9A1E7A4F7556}") = "Develop05", "prove\Develop05\Develop05.csproj", "{D7833844-A836-4DEE-BBDE-686DF62E4DAE}"
EndProject
Project("{2150E333-8FDC-42A3-9474-1A3956D46DE8}") = "sandbox", "sandbox", "{9BAE833F-BA86-4AC2-B58E-91748B8BFB0E}"
EndProject
Project("{9A19103F-16F7-4668-BE54-9A1E7A4F7556}") = "Sandbox", "sandbox\Sandbox\Sandbox.csproj", "{96A830E9-3EAB-435D-89D9-A094C04DE9FE}"
EndProject
Global
	GlobalSection(SolutionConfigurationPlatforms) = preSolution
		Debug|Any CPU = Debug|Any CPU
		Release|Any CPU = Release|Any CPU
	EndGlobalSection
	GlobalSection(ProjectConfigurationPlatforms) = postSolution
		{B7992C75-9853-4E64-9DBF-ABC9FD1AE466}.Debug|Any CPU.ActiveCfg = Debug|Any CPU
		{B7992C75-9853-4E64-9DBF-ABC9FD1AE466}.Debug|Any CPU.Build.0 = Debug|Any CPU
		{B7992C75-9853-4E64-9DBF-ABC9FD1AE466}.Release|Any CPU.ActiveCfg = Release|Any CPU
		{B7992C75-9853-4E64-9DBF-ABC9FD1AE466}.Release|Any CPU.Build.0 = Release|Any CPU
		{1119F0A4-2C51-4FD1-8D93-5C797B4B7E51}.Debug|Any CPU.ActiveCfg = Debug|Any CPU
		{1119F0A4-2C51-4FD1-8D93-5C797B4B7E51}.Debug|Any CPU.Build.0 = Debug|Any CPU
		{1119F0A4-2C51-4FD1-8D93-5C797B4B7E51}.Release|Any CPU.ActiveCfg = Release|Any CPU
		{1119F0A4-2C51-4FD1-8D93-5C797B4B7E51}.Release|Any CPU.Build.0 = Release|Any CPU
		{1FD14669-8ABF-430C-B934-F217CCDAEA06}.Debug|Any CPU.ActiveCfg = Debug|Any CPU
		{1FD14669-8ABF-430C-B934-F217CCDAEA06}.Debug|Any CPU.Build.0 = Debug|Any CPU
		{1FD14669-8ABF-430C-B934-F217CCDAEA06}.Release|Any CPU.ActiveCfg = Release|Any CPU
		{1FD14669-8ABF-430C-B934-F217CCDAEA06}.Release|Any CPU.Build.0 = Release|Any CPU
		{6C3EB14E-E11C-45CC-BDB2-1317E78991B2}.Debug|Any CPU.ActiveCfg = Debug|Any CPU
		{6C3EB14E-E11C-45CC-BDB2-1317E78991B2}.Debug|Any CPU.Build.0 = Debug|Any CPU
		{6C3EB14E-E11C-45CC-BDB2-1317E78991B2}.Release|Any CPU.ActiveCfg = Release|Any CPU
		{6C3EB14E-E11C-45CC-BDB2-1317E78991B2}.Release|Any CPU.Build.0 = Release|Any CPU
		{B15B34B3-7415-4FC9-A51C-6497025E5128}.Debug|Any CPU.ActiveCfg = Debug|Any CPU
		{B15B34B3-7415-4FC9-A51C-6497025E5128}.Debug|Any CPU.Build.0 = Debug|Any CPU
		{B15B34B3-7415-4FC9-A51C-6497025E5128}.Release|Any CPU.ActiveCfg = Release|Any CPU
		{B15B34B3-7415-4FC9-A51C-6497025E5128}.Release|Any CPU.Build.0 = Release|Any CPU
		{211C8729-A8A7-44A7-9AEA-6A358006A1F9}.Debug|Any CPU.ActiveCfg = Debug|Any CPU
		{211C8729-A8A7-44A7-9AEA-6A358006A1F9}.Debug|Any CPU.Build.0 = Debug|Any CPU
		{211C8729-A8A7-44A7-9AEA-6A358006A1F9}.Release|Any CPU.ActiveCfg = Release|Any CPU
		{211C8729-A8A7-44A7-9AEA-6A358006A1F9}.Release|Any CPU.Build.0 = Release|Any CPU
		{623B94EB-FACD-41DB-B162-421B7A3A86A0}.Debug|Any CPU.ActiveCfg = Debug|Any CPU
		{623B94EB-FACD-41DB-B162-421B7A3A86A0}.Debug|Any CPU.Build.0 = Debug|Any CPU
		{623B94EB-FACD-41DB-B162-421B7A3A86A0}.Release|Any CPU.ActiveCfg = Release|Any CPU
		{623B94EB-FACD-41DB-B162-421B7A3A86A0}.Release|Any CPU.Build.0 = Release|Any CPU
		{25B8AE2A-5275-4E32-B599-BB643CA81407}.Debug|Any CPU.ActiveCfg = Debug|Any CPU
		{25B8AE2A-5275-4E32-B599-BB643CA81407}.Debug|Any CPU.Build.0 = Debug|Any CPU
		{25B8AE2A-5275-4E32-B599-BB643CA81407}.Release|Any CPU.ActiveCfg = Release|Any CPU
		{25B8AE2A-5275-4E32-B599-BB643CA81407}.Release|Any CPU.Build.0 = Release|Any CPU
		{4FB517D5-4148-4F5E-A3B9-913130079F51}.Debug|Any CPU.ActiveCfg = Debug|Any CPU
		{4FB517D5-4148-4F5E-A3B9-913130079F51}.Debug|Any CPU.Build.0 = Debug|Any CPU
		{4FB517D5-4148-4F5E-A3B9-913130079F51}.Release|Any CPU.ActiveCfg = Release|Any CPU
		{4FB517D5-4148-4F5E-A3B9-913130079F51}.Release|Any CPU.Build.0 = Release|Any CPU
		{1BB798BE-37CB-49F7-99A0-B722AD4C7639}.Debug|Any CPU.ActiveCfg = Debug|Any CPU
		{1BB798BE-37CB-49F7-99A0-B722AD4C7639}.Debug|Any CPU.Build.0 = Debug|Any CPU
		{1BB798BE-37CB-49F7-99A0-B722AD4C7639}.Release|Any CPU.ActiveCfg = Release|Any CPU
		{1BB798BE-37CB-49F7-99A0-B722AD4C7639}.Release|Any CPU.Build.0 = Release|Any CPU
		{543616F0-5768-4B75-9C47-035DCCE1B573}.Debug|Any CPU.ActiveCfg = Debug|Any CPU
		{543616F0-5768-4B75-9C47-035DCCE1B573}.Debug|Any CPU.Build.0 = Debug|Any CPU
		{543616F0-5768-4B75-9C47-035DCCE1B573}.Release|Any CPU.ActiveCfg = Release|Any CPU
		{543616F0-5768-4B75-9C47-035DCCE1B573}.Release|Any CPU.Build.0 = Release|Any CPU
		{9E7B2207-5D6A-4DCD-8F05-2A7CAB348ECB}.Debug|Any CPU.ActiveCfg = Debug|Any CPU
		{9E7B2207-5D6A-4DCD-8F05-2A7CAB348ECB}.Debug|Any CPU.Build.0 = Debug|Any CPU
		{9E7B2207-5D6A-4DCD-8F05-2A7CAB348ECB}.Release|Any CPU.ActiveCfg = Release|Any CPU
		{9E7B2207-5D6A-4DCD-8F05-2A7CAB348ECB}.Release|Any CPU.Build.0 = Release|Any CPU
		{A8C96539-FE91-4E66-B197-A3EBC2DA64FA}.Debug|Any CPU.ActiveCfg = Debug|Any CPU
		{A8C96539-FE91-4E66-B197-A3EBC2DA64FA}.Debug|Any CPU.Build.0 = Debug|Any CPU
		{A8C96539-FE91-4E66-B197-A3EBC2DA64FA}.Release|Any CPU.ActiveCfg = Release|Any CPU
		{A8C96539-FE91-4E66-B197-A3EBC2DA64FA}.Release|Any CPU.Build.0 = Release|Any CPU
		{B748B4CF-AF4B-4ED9-98AF-359862E0F170}.Debug|Any CPU.ActiveCfg = Debug|Any CPU
		{B748B4CF-AF4B-4ED9-98AF-359862E0F170}.Debug|Any CPU.Build.0 = Debug|Any CPU
		{B748B4CF-AF4B-4ED9-98AF-359862E0F170}.Release|Any CPU.ActiveCfg = Release|Any CPU
		{B748B4CF-AF4B-4ED9-98AF-359862E0F170}.Release|Any CPU.Build.0 = Release|Any CPU
		{9B5E639A-2C1C-45C9-9AAB-65C9DD6795CA}.Debug|Any CPU.ActiveCfg = Debug|Any CPU
		{9B5E639A-2C1C-45C9-9AAB-65C9DD6795CA}.Debug|Any CPU.Build.0 = Debug|Any CPU
		{9B5E639A-2C1C-45C9-9AAB-65C9DD6795CA}.Release|Any CPU.ActiveCfg = Release|Any CPU
		{9B5E639A-2C1C-45C9-9AAB-65C9DD6795CA}.Release|Any CPU.Build.0 = Release|Any CPU
		{03EBA8FA-4AD8-413E-A03C-12B00C2C278C}.Debug|Any CPU.ActiveCfg = Debug|Any CPU
		{03EBA8FA-4AD8-413E-A03C-12B00C2C278C}.Debug|Any CPU.Build.0 = Debug|Any CPU
		{03EBA8FA-4AD8-413E-A03C-12B00C2C278C}.Release|Any CPU.ActiveCfg = Release|Any CPU
		{03EBA8FA-4AD8-413E-A03C-12B00C2C278C}.Release|Any CPU.Build.0 = Release|Any CPU
		{29901DCE-1AF1-454F-AB4A-2122D2B6F86C}.Debug|Any CPU.ActiveCfg = Debug|Any CPU
		{29901DCE-1AF1-454F-AB4A-2122D2B6F86C}.Debug|Any CPU.Build.0 = Debug|Any CPU
		{29901DCE-1AF1-454F-AB4A-2122D2B6F86C}.Release|Any CPU.ActiveCfg = Release|Any CPU
		{29901DCE-1AF1-454F-AB4A-2122D2B6F86C}.Release|Any CPU.Build.0 = Release|Any CPU
		{D7833844-A836-4DEE-BBDE-686DF62E4DAE}.Debug|Any CPU.ActiveCfg = Debug|Any CPU
		{D7833844-A836-4DEE-BBDE-686DF62E4DAE}.Debug|Any CPU.Build.0 = Debug|Any CPU
		{D7833844-A836-4DEE-BBDE-686DF62E4DAE}.Release|Any CPU.ActiveCfg = Release|Any CPU
		{D7833844-A836-4DEE-BBDE-686DF62E4DAE}.Release|Any CPU.Build.0 = Release|Any CPU
		{96A830E9-3EAB-435D-89D9-A094C04DE9FE}.Debug|Any CPU.ActiveCfg = Debug|Any CPU
		{96A830E9-3EAB-435D-89D9-A094C04DE9FE}.Debug|Any CPU.Build.0 = Debug|Any CPU
		{96A830E9-3EAB-435D-89D9-A094C04DE9FE}.Release|Any CPU.ActiveCfg = Release|Any CPU
		{96A830E9-3EAB-435D-89D9-A094C04DE9FE}.Release|Any CPU.Build.0 = Release|Any CPU
	EndGlobalSection
	GlobalSection(SolutionProperties) = preSolution
		HideSolutionNode = FALSE
	EndGlobalSection
	GlobalSection(NestedProjects) = preSolution
		{B7992C75-9853-4E64-9DBF-ABC9FD1AE466} = {C11BC944-9D24-484A-AE73-339DD6DCBBD1}
		{1119F0A4-2C51-4FD1-8D93-5C797B4B7E51} = {C11BC944-9D24-484A-AE73-339DD6DCBBD1}
		{1FD14669-8ABF-430C-B934-F217CCDAEA06} = {C11BC944-9D24-484A-AE73-339DD6DCBBD1}
		{6C3EB14E-E11C-45CC-BDB2-1317E78991B2} = {C11BC944-9D24-484A-AE73-339DD6DCBBD1}
		{B15B34B3-7415-4FC9-A51C-6497025E5128} = {C11BC944-9D24-484A-AE73-339DD6DCBBD1}
		{211C8729-A8A7-44A7-9AEA-6A358006A1F9} = {DDD6CBD5-5059-472E-B6D6-B7D9598F8C5E}
		{623B94EB-FACD-41DB-B162-421B7A3A86A0} = {DDD6CBD5-5059-472E-B6D6-B7D9598F8C5E}
		{25B8AE2A-5275-4E32-B599-BB643CA81407} = {DDD6CBD5-5059-472E-B6D6-B7D9598F8C5E}
		{4FB517D5-4148-4F5E-A3B9-913130079F51} = {DDD6CBD5-5059-472E-B6D6-B7D9598F8C5E}
		{1BB798BE-37CB-49F7-99A0-B722AD4C7639} = {DDD6CBD5-5059-472E-B6D6-B7D9598F8C5E}
		{543616F0-5768-4B75-9C47-035DCCE1B573} = {31032817-D730-460D-A6F8-BA22777AE124}
		{9E7B2207-5D6A-4DCD-8F05-2A7CAB348ECB} = {31032817-D730-460D-A6F8-BA22777AE124}
		{A8C96539-FE91-4E66-B197-A3EBC2DA64FA} = {31032817-D730-460D-A6F8-BA22777AE124}
		{B748B4CF-AF4B-4ED9-98AF-359862E0F170} = {31032817-D730-460D-A6F8-BA22777AE124}
		{9B5E639A-2C1C-45C9-9AAB-65C9DD6795CA} = {5E3FFF87-FA97-4F5D-AED5-C3B246181D93}
		{03EBA8FA-4AD8-413E-A03C-12B00C2C278C} = {5E3FFF87-FA97-4F5D-AED5-C3B246181D93}
		{29901DCE-1AF1-454F-AB4A-2122D2B6F86C} = {5E3FFF87-FA97-4F5D-AED5-C3B246181D93}
		{D7833844-A836-4DEE-BBDE-686DF62E4DAE} = {5E3FFF87-FA97-4F5D-AED5-C3B246181D93}
		{96A830E9-3EAB-435D-89D9-A094C04DE9FE} = {9BAE833F-BA86-4AC2-B58E-91748B8BFB0E}
	EndGlobalSection
	GlobalSection(ExtensibilityGlobals) = postSolution
		SolutionGuid = {72E2E1A1-6C68-4349-BF78-19BB02666C21}
	EndGlobalSection
EndGlobal
